
Microsoft Visual Studio Solution File, Format Version 12.00
# Visual Studio Version 17
VisualStudioVersion = 17.3.32922.545
MinimumVisualStudioVersion = 10.0.40219.1
Project("{FAE04EC0-301F-11D3-BF4B-00C04F79EFBC}") = "CreateListManually", "CreateListManually\CreateListManually.csproj", "{3D613B76-C26A-4C00-B0A8-D121055419DC}"
EndProject
Global
	GlobalSection(SolutionConfigurationPlatforms) = preSolution
		Debug|Any CPU = Debug|Any CPU
		Release|Any CPU = Release|Any CPU
	EndGlobalSection
	GlobalSection(ProjectConfigurationPlatforms) = postSolution
		{3D613B76-C26A-4C00-B0A8-D121055419DC}.Debug|Any CPU.ActiveCfg = Debug|Any CPU
		{3D613B76-C26A-4C00-B0A8-D121055419DC}.Debug|Any CPU.Build.0 = Debug|Any CPU
		{3D613B76-C26A-4C00-B0A8-D121055419DC}.Release|Any CPU.ActiveCfg = Release|Any CPU
		{3D613B76-C26A-4C00-B0A8-D121055419DC}.Release|Any CPU.Build.0 = Release|Any CPU
	EndGlobalSection
	GlobalSection(SolutionProperties) = preSolution
		HideSolutionNode = FALSE
	EndGlobalSection
	GlobalSection(ExtensibilityGlobals) = postSolution
		SolutionGuid = {C71078D6-9E77-4D18-996A-C7B87611225A}
	EndGlobalSection
EndGlobal
